
Microsoft Visual Studio Solution File, Format Version 12.00
# Visual Studio 2013
VisualStudioVersion = 12.0.21005.1
MinimumVisualStudioVersion = 10.0.40219.1
Project("{FAE04EC0-301F-11D3-BF4B-00C04F79EFBC}") = "WebSite", "WebSite\WebSite.csproj", "{D2DFCE8C-8DAE-4CBE-9CFC-ACB3B81F51BC}"
EndProject
Project("{FAE04EC0-301F-11D3-BF4B-00C04F79EFBC}") = "DataAccess", "..\DataAccess\DataAccess.csproj", "{F83F93E6-78B4-4AB8-BABE-2252C1B5C1A8}"
EndProject
Global
	GlobalSection(SolutionConfigurationPlatforms) = preSolution
		Debug|Any CPU = Debug|Any CPU
		Release|Any CPU = Release|Any CPU
	EndGlobalSection
	GlobalSection(ProjectConfigurationPlatforms) = postSolution
		{D2DFCE8C-8DAE-4CBE-9CFC-ACB3B81F51BC}.Debug|Any CPU.ActiveCfg = Debug|Any CPU
		{D2DFCE8C-8DAE-4CBE-9CFC-ACB3B81F51BC}.Debug|Any CPU.Build.0 = Debug|Any CPU
		{D2DFCE8C-8DAE-4CBE-9CFC-ACB3B81F51BC}.Release|Any CPU.ActiveCfg = Release|Any CPU
		{D2DFCE8C-8DAE-4CBE-9CFC-ACB3B81F51BC}.Release|Any CPU.Build.0 = Release|Any CPU
		{F83F93E6-78B4-4AB8-BABE-2252C1B5C1A8}.Debug|Any CPU.ActiveCfg = Debug|Any CPU
		{F83F93E6-78B4-4AB8-BABE-2252C1B5C1A8}.Debug|Any CPU.Build.0 = Debug|Any CPU
		{F83F93E6-78B4-4AB8-BABE-2252C1B5C1A8}.Release|Any CPU.ActiveCfg = Release|Any CPU
		{F83F93E6-78B4-4AB8-BABE-2252C1B5C1A8}.Release|Any CPU.Build.0 = Release|Any CPU
	EndGlobalSection
	GlobalSection(SolutionProperties) = preSolution
		HideSolutionNode = FALSE
	EndGlobalSection
EndGlobal
